{
  "name": "ldap-authentication",
  "version": "4.0.4",
  "lockfileVersion": 3,
  "requires": true,
  "packages": {
    "": {
      "name": "ldap-authentication",
      "version": "4.0.4",
      "license": "BSD-2-Clause",
      "dependencies": {
        "ldapts": "^8.1.3"
      },
      "devDependencies": {
        "jasmine": "^6.0.0"
      },
      "engines": {
        "node": ">=20.0.0"
      }
    },
    "node_modules/@jasminejs/reporters": {
      "version": "1.0.0",
      "resolved": "https://registry.npmjs.org/@jasminejs/reporters/-/reporters-1.0.0.tgz",
      "integrity": "sha512-rM3GG4vx2H1Gp5kYCTr9aKlOEJFd43pzpiMAiy5b1+FUc2ub4e6bS6yCi/WQNDzAa5MVp9++dwcoEtcIfoEnhA==",
      "dev": true,
      "license": "MIT"
    },
    "node_modules/balanced-match": {
      "version": "4.0.4",
      "resolved": "https://registry.npmjs.org/balanced-match/-/balanced-match-4.0.4.tgz",
      "integrity": "sha512-BLrgEcRTwX2o6gGxGOCNyMvGSp35YofuYzw9h1IMTRmKqttAZZVU67bdb9Pr2vUHA8+j3i2tJfjO6C6+4myGTA==",
      "dev": true,
      "license": "MIT",
      "engines": {
        "node": "18 || 20 || >=22"
      }
    },
    "node_modules/brace-expansion": {
      "version": "5.0.8",
      "resolved": "https://registry.npmjs.org/brace-expansion/-/brace-expansion-5.0.8.tgz",
      "integrity": "sha512-JZyDyq3D4AUifKTPOB7DELf6XsB3WdPuNxCtob1vFXPsSXhdAiHBWJ/tJ8HAc9aH84BK+5JFZLNkJKx3G9kzQg==",
      "dev": true,
      "license": "MIT",
      "dependencies": {
        "balanced-match": "^4.0.2"
      },
      "engines": {
        "node": "20 || >=22"
      }
    },
    "node_modules/glob": {
      "version": "13.0.6",
      "resolved": "https://registry.npmjs.org/glob/-/glob-13.0.6.tgz",
      "integrity": "sha512-Wjlyrolmm8uDpm/ogGyXZXb1Z+Ca2B8NbJwqBVg0axK9GbBeoS7yGV6vjXnYdGm6X53iehEuxxbyiKp8QmN4Vw==",
      "dev": true,
      "license": "BlueOak-1.0.0",
      "dependencies": {
        "minimatch": "^10.2.2",
        "minipass": "^7.1.3",
        "path-scurry": "^2.0.2"
      },
      "engines": {
        "node": "18 || 20 || >=22"
      },
      "funding": {
        "url": "https://github.com/sponsors/isaacs"
      }
    },
    "node_modules/jasmine": {
      "version": "6.0.0",
      "resolved": "https://registry.npmjs.org/jasmine/-/jasmine-6.0.0.tgz",
      "integrity": "sha512-eSPL6LPWT39WwvHSEEbRXuSvioXMTheNhIPaeUT1OPmSprDZwj4S29884DkTx6/tyiOWTWB1N+LdW2ZSg74aEA==",
      "dev": true,
      "license": "MIT",
      "dependencies": {
        "@jasminejs/reporters": "^1.0.0",
        "glob": "^10.2.2 || ^11.0.3 || ^12.0.0 || ^13.0.0",
        "jasmine-core": "~6.0.0"
      },
      "bin": {
        "jasmine": "bin/jasmine.js"
      }
    },
    "node_modules/jasmine-core": {
      "version": "6.0.1",
      "resolved": "https://registry.npmjs.org/jasmine-core/-/jasmine-core-6.0.1.tgz",
      "integrity": "sha512-gUtzV5ASR0MLBwDNqri4kBsgKNCcRQd9qOlNw/w/deavD0cl3JmWXXfH8JhKM4LTg6LPTt2IOQ4px3YYfgh2Xg==",
      "dev": true,
      "license": "MIT"
    },
    "node_modules/ldapts": {
      "version": "8.1.3",
      "resolved": "https://registry.npmjs.org/ldapts/-/ldapts-8.1.3.tgz",
      "integrity": "sha512-kEU3GDh48ZymnyLGsFprai2v4r7Gyxe6niBlUUw3xnOGpq5O+XODmXJ8gBwbPIg35qt5cnYVC80NNSdAkb2dJg==",
      "license": "MIT",
      "dependencies": {
        "strict-event-emitter-types": "2.0.0",
        "whatwg-url": "15.1.0"
      },
      "engines": {
        "node": ">=20"
      }
    },
    "node_modules/lru-cache": {
      "version": "11.5.2",
      "resolved": "https://registry.npmjs.org/lru-cache/-/lru-cache-11.5.2.tgz",
      "integrity": "sha512-4pfM1Ff0x50o0tQwb5ucw/RzNyD0/YJME6IVcStalZuMWxdt3sR3huStTtxz4PUmvZfRguvDejasvQ2kifR11g==",
      "dev": true,
      "license": "BlueOak-1.0.0",
      "engines": {
        "node": "20 || >=22"
      }
    },
    "node_modules/minimatch": {
      "version": "10.2.6",
      "resolved": "https://registry.npmjs.org/minimatch/-/minimatch-10.2.6.tgz",
      "integrity": "sha512-vpLQEs+VLCr1nU0BXS07maYoFwlDAH0gngQuuttxIwutDFEMHq2blX+8vpgxDdK3J1PwjCJiep77OitTZ4Ll1A==",
      "dev": true,
      "license": "BlueOak-1.0.0",
      "dependencies": {
        "brace-expansion": "^5.0.8"
      },
      "engines": {
        "node": "18 || 20 || >=22"
      },
      "funding": {
        "url": "https://github.com/sponsors/isaacs"
      }
    },
    "node_modules/minipass": {
      "version": "7.1.3",
      "resolved": "https://registry.npmjs.org/minipass/-/minipass-7.1.3.tgz",
      "integrity": "sha512-tEBHqDnIoM/1rXME1zgka9g6Q2lcoCkxHLuc7ODJ5BxbP5d4c2Z5cGgtXAku59200Cx7diuHTOYfSBD8n6mm8A==",
      "dev": true,
      "license": "BlueOak-1.0.0",
      "engines": {
        "node": ">=16 || 14 >=14.17"
      }
    },
    "node_modules/path-scurry": {
      "version": "2.0.2",
      "resolved": "https://registry.npmjs.org/path-scurry/-/path-scurry-2.0.2.tgz",
      "integrity": "sha512-3O/iVVsJAPsOnpwWIeD+d6z/7PmqApyQePUtCndjatj/9I5LylHvt5qluFaBT3I5h3r1ejfR056c+FCv+NnNXg==",
      "dev": true,
      "license": "BlueOak-1.0.0",
      "dependencies": {
        "lru-cache": "^11.0.0",
        "minipass": "^7.1.2"
      },
      "engines": {
        "node": "18 || 20 || >=22"
      },
      "funding": {
        "url": "https://github.com/sponsors/isaacs"
      }
    },
    "node_modules/punycode": {
      "version": "2.3.1",
      "resolved": "https://registry.npmjs.org/punycode/-/punycode-2.3.1.tgz",
      "integrity": "sha512-vYt7UD1U9Wg6138shLtLOvdAu+8DsC/ilFtEVHcH+wydcSpNE20AfSOduf6MkRFahL5FY7X1oU7nKVZFtfq8Fg==",
      "license": "MIT",
      "engines": {
        "node": ">=6"
      }
    },
    "node_modules/strict-event-emitter-types": {
      "version": "2.0.0",
      "resolved": "https://registry.npmjs.org/strict-event-emitter-types/-/strict-event-emitter-types-2.0.0.tgz",
      "integrity": "sha512-Nk/brWYpD85WlOgzw5h173aci0Teyv8YdIAEtV+N88nDB0dLlazZyJMIsN6eo1/AR61l+p6CJTG1JIyFaoNEEA==",
      "license": "ISC"
    },
    "node_modules/tr46": {
      "version": "6.0.0",
      "resolved": "https://registry.npmjs.org/tr46/-/tr46-6.0.0.tgz",
      "integrity": "sha512-bLVMLPtstlZ4iMQHpFHTR7GAGj2jxi8Dg0s2h2MafAE4uSWF98FC/3MomU51iQAMf8/qDUbKWf5GxuvvVcXEhw==",
      "license": "MIT",
      "dependencies": {
        "punycode": "^2.3.1"
      },
      "engines": {
        "node": ">=20"
      }
    },
    "node_modules/webidl-conversions": {
      "version": "8.0.1",
      "resolved": "https://registry.npmjs.org/webidl-conversions/-/webidl-conversions-8.0.1.tgz",
      "integrity": "sha512-BMhLD/Sw+GbJC21C/UgyaZX41nPt8bUTg+jWyDeg7e7YN4xOM05YPSIXceACnXVtqyEw/LMClUQMtMZ+PGGpqQ==",
      "license": "BSD-2-Clause",
      "engines": {
        "node": ">=20"
      }
    },
    "node_modules/whatwg-url": {
      "version": "15.1.0",
      "resolved": "https://registry.npmjs.org/whatwg-url/-/whatwg-url-15.1.0.tgz",
      "integrity": "sha512-2ytDk0kiEj/yu90JOAp44PVPUkO9+jVhyf+SybKlRHSDlvOOZhdPIrr7xTH64l4WixO2cP+wQIcgujkGBPPz6g==",
      "license": "MIT",
      "dependencies": {
        "tr46": "^6.0.0",
        "webidl-conversions": "^8.0.0"
      },
      "engines": {
        "node": ">=20"
      }
    }
  }
}
